
Microsoft Visual Studio Solution File, Format Version 12.00
# Visual Studio Version 17
VisualStudioVersion = 17.5.33424.131
MinimumVisualStudioVersion = 10.0.40219.1
Project("{9A19103F-16F7-4668-BE54-9A1E7A4F7556}") = "AwesomeShop.Services.Orders.API", "AwesomeShop.Services.Orders\AwesomeShop.Services.Orders.API.csproj", "{12249C7D-AEE9-47CE-B67F-4C3C92C4C1F6}"
EndProject
Project("{9A19103F-16F7-4668-BE54-9A1E7A4F7556}") = "AwesomeShop.Services.Orders.Core", "AwesomeShop.Services.Orders.Core\AwesomeShop.Services.Orders.Core.csproj", "{D0B83635-947E-426D-88DB-AE0B72D1A407}"
EndProject
Project("{9A19103F-16F7-4668-BE54-9A1E7A4F7556}") = "AwesomeShop.Orders.Application", "AwesomeShop.Orders.Application\AwesomeShop.Orders.Application.csproj", "{CD626757-7814-4E51-B05C-B001C75AC346}"
EndProject
Project("{FAE04EC0-301F-11D3-BF4B-00C04F79EFBC}") = "AwesomeShop.Orders.Infrastructure", "AwesomeShop.Orders.Infrastructure\AwesomeShop.Orders.Infrastructure.csproj", "{4EF23C5E-9451-4A84-9C71-3C0E56E7DD49}"
EndProject
Global
	GlobalSection(SolutionConfigurationPlatforms) = preSolution
		Debug|Any CPU = Debug|Any CPU
		Release|Any CPU = Release|Any CPU
	EndGlobalSection
	GlobalSection(ProjectConfigurationPlatforms) = postSolution
		{12249C7D-AEE9-47CE-B67F-4C3C92C4C1F6}.Debug|Any CPU.ActiveCfg = Debug|Any CPU
		{12249C7D-AEE9-47CE-B67F-4C3C92C4C1F6}.Debug|Any CPU.Build.0 = Debug|Any CPU
		{12249C7D-AEE9-47CE-B67F-4C3C92C4C1F6}.Release|Any CPU.ActiveCfg = Release|Any CPU
		{12249C7D-AEE9-47CE-B67F-4C3C92C4C1F6}.Release|Any CPU.Build.0 = Release|Any CPU
		{D0B83635-947E-426D-88DB-AE0B72D1A407}.Debug|Any CPU.ActiveCfg = Debug|Any CPU
		{D0B83635-947E-426D-88DB-AE0B72D1A407}.Debug|Any CPU.Build.0 = Debug|Any CPU
		{D0B83635-947E-426D-88DB-AE0B72D1A407}.Release|Any CPU.ActiveCfg = Release|Any CPU
		{D0B83635-947E-426D-88DB-AE0B72D1A407}.Release|Any CPU.Build.0 = Release|Any CPU
		{CD626757-7814-4E51-B05C-B001C75AC346}.Debug|Any CPU.ActiveCfg = Debug|Any CPU
		{CD626757-7814-4E51-B05C-B001C75AC346}.Debug|Any CPU.Build.0 = Debug|Any CPU
		{CD626757-7814-4E51-B05C-B001C75AC346}.Release|Any CPU.ActiveCfg = Release|Any CPU
		{CD626757-7814-4E51-B05C-B001C75AC346}.Release|Any CPU.Build.0 = Release|Any CPU
		{4EF23C5E-9451-4A84-9C71-3C0E56E7DD49}.Debug|Any CPU.ActiveCfg = Debug|Any CPU
		{4EF23C5E-9451-4A84-9C71-3C0E56E7DD49}.Debug|Any CPU.Build.0 = Debug|Any CPU
		{4EF23C5E-9451-4A84-9C71-3C0E56E7DD49}.Release|Any CPU.ActiveCfg = Release|Any CPU
		{4EF23C5E-9451-4A84-9C71-3C0E56E7DD49}.Release|Any CPU.Build.0 = Release|Any CPU
	EndGlobalSection
	GlobalSection(SolutionProperties) = preSolution
		HideSolutionNode = FALSE
	EndGlobalSection
	GlobalSection(ExtensibilityGlobals) = postSolution
		SolutionGuid = {80B48AD2-B63C-4BEA-9C1F-B61A918C78C9}
	EndGlobalSection
EndGlobal
